
Microsoft Visual Studio Solution File, Format Version 12.00
# Visual Studio Version 16
VisualStudioVersion = 16.0.29215.179
MinimumVisualStudioVersion = 10.0.40219.1
Project("{FAE04EC0-301F-11D3-BF4B-00C04F79EFBC}") = "DealerShip", "DealerShip.csproj", "{538E278F-18F3-492E-A6D9-A172AC86CD44}"
EndProject
Global
	GlobalSection(SolutionConfigurationPlatforms) = preSolution
		Debug|Any CPU = Debug|Any CPU
		Release|Any CPU = Release|Any CPU
	EndGlobalSection
	GlobalSection(ProjectConfigurationPlatforms) = postSolution
		{538E278F-18F3-492E-A6D9-A172AC86CD44}.Debug|Any CPU.ActiveCfg = Debug|Any CPU
		{538E278F-18F3-492E-A6D9-A172AC86CD44}.Debug|Any CPU.Build.0 = Debug|Any CPU
		{538E278F-18F3-492E-A6D9-A172AC86CD44}.Release|Any CPU.ActiveCfg = Release|Any CPU
		{538E278F-18F3-492E-A6D9-A172AC86CD44}.Release|Any CPU.Build.0 = Release|Any CPU
	EndGlobalSection
	GlobalSection(SolutionProperties) = preSolution
		HideSolutionNode = FALSE
	EndGlobalSection
	GlobalSection(ExtensibilityGlobals) = postSolution
		SolutionGuid = {FE4156B1-06BA-4DD9-8E65-82A738B44CD1}
	EndGlobalSection
EndGlobal
